
Microsoft Visual Studio Solution File, Format Version 12.00
# Visual Studio Version 17
VisualStudioVersion = 17.13.35731.43 d17.13
MinimumVisualStudioVersion = 10.0.40219.1
Project("{FAE04EC0-301F-11D3-BF4B-00C04F79EFBC}") = "demo", "demo.csproj", "{8325DC80-E463-46B0-85B2-B8C828E03C5E}"
EndProject
Global
	GlobalSection(SolutionConfigurationPlatforms) = preSolution
		Debug|Any CPU = Debug|Any CPU
		Release|Any CPU = Release|Any CPU
	EndGlobalSection
	GlobalSection(ProjectConfigurationPlatforms) = postSolution
		{8325DC80-E463-46B0-85B2-B8C828E03C5E}.Debug|Any CPU.ActiveCfg = Debug|Any CPU
		{8325DC80-E463-46B0-85B2-B8C828E03C5E}.Debug|Any CPU.Build.0 = Debug|Any CPU
		{8325DC80-E463-46B0-85B2-B8C828E03C5E}.Release|Any CPU.ActiveCfg = Release|Any CPU
		{8325DC80-E463-46B0-85B2-B8C828E03C5E}.Release|Any CPU.Build.0 = Release|Any CPU
	EndGlobalSection
	GlobalSection(SolutionProperties) = preSolution
		HideSolutionNode = FALSE
	EndGlobalSection
	GlobalSection(ExtensibilityGlobals) = postSolution
		SolutionGuid = {174DBBE4-5F81-44E0-8E76-BA23FB14A5E1}
	EndGlobalSection
EndGlobal
